
Microsoft Visual Studio Solution File, Format Version 12.00
# Visual Studio Version 17
VisualStudioVersion = 17.11.35208.52
MinimumVisualStudioVersion = 10.0.40219.1
Project("{FAE04EC0-301F-11D3-BF4B-00C04F79EFBC}") = "Proyecto1", "Proyecto1\Proyecto1.csproj", "{C9953DC2-160B-40C6-B917-FE0A179D19E4}"
EndProject
Global
	GlobalSection(SolutionConfigurationPlatforms) = preSolution
		Debug|Any CPU = Debug|Any CPU
		Release|Any CPU = Release|Any CPU
	EndGlobalSection
	GlobalSection(ProjectConfigurationPlatforms) = postSolution
		{C9953DC2-160B-40C6-B917-FE0A179D19E4}.Debug|Any CPU.ActiveCfg = Debug|Any CPU
		{C9953DC2-160B-40C6-B917-FE0A179D19E4}.Debug|Any CPU.Build.0 = Debug|Any CPU
		{C9953DC2-160B-40C6-B917-FE0A179D19E4}.Release|Any CPU.ActiveCfg = Release|Any CPU
		{C9953DC2-160B-40C6-B917-FE0A179D19E4}.Release|Any CPU.Build.0 = Release|Any CPU
	EndGlobalSection
	GlobalSection(SolutionProperties) = preSolution
		HideSolutionNode = FALSE
	EndGlobalSection
	GlobalSection(ExtensibilityGlobals) = postSolution
		SolutionGuid = {75A5D8CA-8C91-49CE-BF48-D5279FD2DDC2}
	EndGlobalSection
EndGlobal
